<?xml version="1.0" encoding="utf-8"?>
<Project ToolsVersion="4.0" xmlns="http://schemas.microsoft.com/developer/msbuild/2003">
  <ItemGroup>
    <Filter Include="Source Files">
      <UniqueIdentifier>{4FC737F1-C7A5-4376-A066-2A32D752A2FF}</UniqueIdentifier>
      <Extensions>cpp;c;cc;cxx;c++;cppm;ixx;def;odl;idl;hpj;bat;asm;asmx</Extensions>
    </Filter>
    <Filter Include="Header Files">
      <UniqueIdentifier>{93995380-89BD-4b04-88EB-625FBE52EBFB}</UniqueIdentifier>
      <Extensions>h;hh;hpp;hxx;h++;hm;inl;inc;ipp;xsd</Extensions>
    </Filter>
    <Filter Include="Resource Files">
      <UniqueIdentifier>{67DA6AB6-F800-4c08-8B7A-83BB121AAD01}</UniqueIdentifier>
      <Extensions>rc;ico;cur;bmp;dlg;rc2;rct;bin;rgs;gif;jpg;jpeg;jpe;resx;tiff;tif;png;wav;mfcribbon-ms</Extensions>
    </Filter>
    <Filter Include="Source Files\Box">
      <UniqueIdentifier>{987e3ae0-a899-4e59-954b-e447e898b6fd}</UniqueIdentifier>
    </Filter>
    <Filter Include="Source Files\Game">
      <UniqueIdentifier>{f4b87a2a-14cf-4d5d-bc8c-ecf812b20364}</UniqueIdentifier>
    </Filter>
    <Filter Include="Source Files\States">
      <UniqueIdentifier>{7cc2c52c-5e95-482a-aecf-bdc7d14bbdb0}</UniqueIdentifier>
    </Filter>
    <Filter Include="Source Files\Timer">
      <UniqueIdentifier>{3c7bdced-e00b-462f-b5d9-163e2cf75315}</UniqueIdentifier>
    </Filter>
    <Filter Include="Source Files\Effects">
      <UniqueIdentifier>{d9776749-70dd-498d-bc8d-8f8f0cc38d99}</UniqueIdentifier>
    </Filter>
    <Filter Include="Source Files\InputTextBox">
      <UniqueIdentifier>{43d3daa1-af1e-48e6-ba73-46a92567d8df}</UniqueIdentifier>
    </Filter>
    <Filter Include="Source Files\Helper">
      <UniqueIdentifier>{64a37466-2c52-43ce-b809-7266a0c4cd99}</UniqueIdentifier>
    </Filter>
    <Filter Include="Source Files\Button">
      <UniqueIdentifier>{9fb86c06-e0a1-457f-9686-3abdcbc72480}</UniqueIdentifier>
    </Filter>
    <Filter Include="Source Files\Animation">
      <UniqueIdentifier>{76ce23e0-b47b-43c1-989e-d78c2000e1f4}</UniqueIdentifier>
    </Filter>
  </ItemGroup>
  <ItemGroup>
    <ClCompile Include="CS202FinalProject.cpp">
      <Filter>Source Files</Filter>
    </ClCompile>
    <ClCompile Include="MainProgram.cpp">
      <Filter>Source Files</Filter>
    </ClCompile>
    <ClCompile Include="BoxBorder.cpp">
      <Filter>Source Files\Box</Filter>
    </ClCompile>
    <ClCompile Include="Box.cpp">
      <Filter>Source Files\Box</Filter>
    </ClCompile>
    <ClCompile Include="RoadCrossingGame.cpp">
      <Filter>Source Files\Game</Filter>
    </ClCompile>
    <ClCompile Include="Road.cpp">
      <Filter>Source Files\Game</Filter>
    </ClCompile>
    <ClCompile Include="Obstacle.cpp">
      <Filter>Source Files\Game</Filter>
    </ClCompile>
    <ClCompile Include="Player.cpp">
      <Filter>Source Files\Game</Filter>
    </ClCompile>
    <ClCompile Include="State.cpp">
      <Filter>Source Files\States</Filter>
    </ClCompile>
    <ClCompile Include="GameState.cpp">
      <Filter>Source Files\States</Filter>
    </ClCompile>
    <ClCompile Include="MainMenuState.cpp">
      <Filter>Source Files\States</Filter>
    </ClCompile>
    <ClCompile Include="GameOptions.cpp">
      <Filter>Source Files</Filter>
    </ClCompile>
    <ClCompile Include="Timer.cpp">
      <Filter>Source Files\Timer</Filter>
    </ClCompile>
    <ClCompile Include="TimerDisplay.cpp">
      <Filter>Source Files\Timer</Filter>
    </ClCompile>
    <ClCompile Include="Effect.cpp">
      <Filter>Source Files\Effects</Filter>
    </ClCompile>
    <ClCompile Include="SoundWaveExplosionEffect.cpp">
      <Filter>Source Files\Effects</Filter>
    </ClCompile>
    <ClCompile Include="Effects.cpp">
      <Filter>Source Files\Effects</Filter>
    </ClCompile>
    <ClCompile Include="InputTextBox.cpp">
      <Filter>Source Files\InputTextBox</Filter>
    </ClCompile>
    <ClCompile Include="CongratulationState.cpp">
      <Filter>Source Files\States</Filter>
    </ClCompile>
    <ClCompile Include="Helper.cpp">
      <Filter>Source Files\Helper</Filter>
    </ClCompile>
    <ClCompile Include="Button.cpp">
      <Filter>Source Files\Button</Filter>
    </ClCompile>
    <ClCompile Include="Animation.cpp">
      <Filter>Source Files\Animation</Filter>
    </ClCompile>
    <ClCompile Include="PlayMenuState.cpp">
      <Filter>Source Files\States</Filter>
    </ClCompile>
    <ClCompile Include="ScoreboardState.cpp">
      <Filter>Source Files\States</Filter>
    </ClCompile>
    <ClCompile Include="SettingState.cpp">
      <Filter>Source Files\States</Filter>
    </ClCompile>
  </ItemGroup>
  <ItemGroup>
    <ClInclude Include="MainProgram.h">
      <Filter>Source Files</Filter>
    </ClInclude>
    <ClInclude Include="Box.h">
      <Filter>Source Files\Box</Filter>
    </ClInclude>
    <ClInclude Include="BoxBorder.h">
      <Filter>Source Files\Box</Filter>
    </ClInclude>
    <ClInclude Include="RoadCrossingGame.h">
      <Filter>Source Files\Game</Filter>
    </ClInclude>
    <ClInclude Include="Road.h">
      <Filter>Source Files\Game</Filter>
    </ClInclude>
    <ClInclude Include="Obstacle.h">
      <Filter>Source Files\Game</Filter>
    </ClInclude>
    <ClInclude Include="Player.h">
      <Filter>Source Files\Game</Filter>
    </ClInclude>
    <ClInclude Include="State.h">
      <Filter>Source Files\States</Filter>
    </ClInclude>
    <ClInclude Include="GameState.h">
      <Filter>Source Files\States</Filter>
    </ClInclude>
    <ClInclude Include="MainMenuState.h">
      <Filter>Source Files\States</Filter>
    </ClInclude>
    <ClInclude Include="GameOptions.h">
      <Filter>Source Files</Filter>
    </ClInclude>
    <ClInclude Include="Timer.h">
      <Filter>Source Files\Timer</Filter>
    </ClInclude>
    <ClInclude Include="TimerDisplay.h">
      <Filter>Source Files\Timer</Filter>
    </ClInclude>
    <ClInclude Include="Effect.h">
      <Filter>Source Files\Effects</Filter>
    </ClInclude>
    <ClInclude Include="SoundWaveExplosionEffect.h">
      <Filter>Source Files\Effects</Filter>
    </ClInclude>
    <ClInclude Include="Effects.h">
      <Filter>Source Files\Effects</Filter>
    </ClInclude>
    <ClInclude Include="InputTextBox.h">
      <Filter>Source Files\InputTextBox</Filter>
    </ClInclude>
    <ClInclude Include="CongratulationState.h">
      <Filter>Source Files\States</Filter>
    </ClInclude>
    <ClInclude Include="Helper.h">
      <Filter>Source Files\Helper</Filter>
    </ClInclude>
    <ClInclude Include="Button.h">
      <Filter>Source Files\Button</Filter>
    </ClInclude>
    <ClInclude Include="Animation.h">
      <Filter>Source Files\Animation</Filter>
    </ClInclude>
    <ClInclude Include="PlayMenuState.h">
      <Filter>Source Files\States</Filter>
    </ClInclude>
    <ClInclude Include="ScoreboardState.h">
      <Filter>Source Files\States</Filter>
    </ClInclude>
    <ClInclude Include="SettingState.h">
      <Filter>Source Files\States</Filter>
    </ClInclude>
  </ItemGroup>
</Project>